// !$*UTF8*$!
{
	archiveVersion = 1;
	classes = {
	};
	objectVersion = 46;
	objects = {

/* Begin PBXBuildFile section */
		0B9999021D37714300BED178 /* SkeletonModel.swift in Sources */ = {isa = PBXBuildFile; fileRef = 0B9999011D37714300BED178 /* SkeletonModel.swift */; };
		0BF052F31D2C07B800268947 /* DanceModel.swift in Sources */ = {isa = PBXBuildFile; fileRef = 0BF052F21D2C07B800268947 /* DanceModel.swift */; };
		2701F1401D2428AA00C597E6 /* UInt32+.swift in Sources */ = {isa = PBXBuildFile; fileRef = 2701F13F1D2428AA00C597E6 /* UInt32+.swift */; };
		2701F1421D243BF600C597E6 /* CGRect+.swift in Sources */ = {isa = PBXBuildFile; fileRef = 2701F1411D243BF600C597E6 /* CGRect+.swift */; };
		2701F1441D24BDF700C597E6 /* Joints.swift in Sources */ = {isa = PBXBuildFile; fileRef = 2701F1431D24BDF700C597E6 /* Joints.swift */; };
		270641EA1D33D9CC007195AB /* KeyframesEditorView.swift in Sources */ = {isa = PBXBuildFile; fileRef = 270641E91D33D9CC007195AB /* KeyframesEditorView.swift */; };
		271258631D22B7D000BD9C36 /* UIImage+.swift in Sources */ = {isa = PBXBuildFile; fileRef = 271258621D22B7D000BD9C36 /* UIImage+.swift */; };
		27252A251D255A89002CE361 /* CGImage+.swift in Sources */ = {isa = PBXBuildFile; fileRef = 27252A241D255A89002CE361 /* CGImage+.swift */; };
		27252A271D260C7B002CE361 /* EditMoveScene.swift in Sources */ = {isa = PBXBuildFile; fileRef = 27252A261D260C7B002CE361 /* EditMoveScene.swift */; };
		273627091D37D5C8007DAECD /* MyAudioReceiver.m in Sources */ = {isa = PBXBuildFile; fileRef = 273627081D37D5C8007DAECD /* MyAudioReceiver.m */; };
		275ABBA61D224E4200BC3B8D /* AppDelegate.swift in Sources */ = {isa = PBXBuildFile; fileRef = 275ABBA51D224E4200BC3B8D /* AppDelegate.swift */; };
		275ABBA81D224E4200BC3B8D /* EditMoveController.swift in Sources */ = {isa = PBXBuildFile; fileRef = 275ABBA71D224E4200BC3B8D /* EditMoveController.swift */; };
		275ABBAB1D224E4200BC3B8D /* Main.storyboard in Resources */ = {isa = PBXBuildFile; fileRef = 275ABBA91D224E4200BC3B8D /* Main.storyboard */; };
		275ABBAD1D224E4200BC3B8D /* Assets.xcassets in Resources */ = {isa = PBXBuildFile; fileRef = 275ABBAC1D224E4200BC3B8D /* Assets.xcassets */; };
		275ABBB01D224E4200BC3B8D /* LaunchScreen.storyboard in Resources */ = {isa = PBXBuildFile; fileRef = 275ABBAE1D224E4200BC3B8D /* LaunchScreen.storyboard */; };
		275ABBB81D22549F00BC3B8D /* DrawController.swift in Sources */ = {isa = PBXBuildFile; fileRef = 275ABBB71D22549F00BC3B8D /* DrawController.swift */; };
		275ABBBA1D2257BF00BC3B8D /* SkeletonController.swift in Sources */ = {isa = PBXBuildFile; fileRef = 275ABBB91D2257BF00BC3B8D /* SkeletonController.swift */; };
		275ABBBC1D2261E200BC3B8D /* DrawView.swift in Sources */ = {isa = PBXBuildFile; fileRef = 275ABBBB1D2261E200BC3B8D /* DrawView.swift */; };
		275ABBCA1D226EF700BC3B8D /* CGFloat+Extensions.swift in Sources */ = {isa = PBXBuildFile; fileRef = 275ABBBE1D226EF700BC3B8D /* CGFloat+Extensions.swift */; };
		275ABBCB1D226EF700BC3B8D /* CGPoint+Extensions.swift in Sources */ = {isa = PBXBuildFile; fileRef = 275ABBBF1D226EF700BC3B8D /* CGPoint+Extensions.swift */; };
		275ABBCC1D226EF700BC3B8D /* CGVector+Extensions.swift in Sources */ = {isa = PBXBuildFile; fileRef = 275ABBC01D226EF700BC3B8D /* CGVector+Extensions.swift */; };
		275ABBCD1D226EF700BC3B8D /* Int+Extensions.swift in Sources */ = {isa = PBXBuildFile; fileRef = 275ABBC11D226EF700BC3B8D /* Int+Extensions.swift */; };
		275ABBCE1D226EF700BC3B8D /* SKAction+Extensions.swift in Sources */ = {isa = PBXBuildFile; fileRef = 275ABBC21D226EF700BC3B8D /* SKAction+Extensions.swift */; };
		275ABBCF1D226EF700BC3B8D /* SKAction+SpecialEffects.swift in Sources */ = {isa = PBXBuildFile; fileRef = 275ABBC31D226EF700BC3B8D /* SKAction+SpecialEffects.swift */; };
		275ABBD01D226EF700BC3B8D /* SKColor+Extensions.swift in Sources */ = {isa = PBXBuildFile; fileRef = 275ABBC41D226EF700BC3B8D /* SKColor+Extensions.swift */; };
		275ABBD11D226EF700BC3B8D /* SKNode+Extensions.swift in Sources */ = {isa = PBXBuildFile; fileRef = 275ABBC51D226EF700BC3B8D /* SKNode+Extensions.swift */; };
		275ABBD21D226EF700BC3B8D /* SKTAudio.swift in Sources */ = {isa = PBXBuildFile; fileRef = 275ABBC61D226EF700BC3B8D /* SKTAudio.swift */; };
		275ABBD31D226EF700BC3B8D /* SKTEffects.swift in Sources */ = {isa = PBXBuildFile; fileRef = 275ABBC71D226EF700BC3B8D /* SKTEffects.swift */; };
		275ABBD41D226EF700BC3B8D /* SKTTimingFunctions.swift in Sources */ = {isa = PBXBuildFile; fileRef = 275ABBC81D226EF700BC3B8D /* SKTTimingFunctions.swift */; };
		275ABBD51D226EF700BC3B8D /* Vector3.swift in Sources */ = {isa = PBXBuildFile; fileRef = 275ABBC91D226EF700BC3B8D /* Vector3.swift */; };
		275BC6741D2B5F56004484DE /* Array.swift in Sources */ = {isa = PBXBuildFile; fileRef = 275BC64E1D2B5F56004484DE /* Array.swift */; };
		275BC6751D2B5F56004484DE /* Event.swift in Sources */ = {isa = PBXBuildFile; fileRef = 275BC6521D2B5F56004484DE /* Event.swift */; };
		275BC6761D2B5F56004484DE /* EventDispatcher.swift in Sources */ = {isa = PBXBuildFile; fileRef = 275BC6531D2B5F56004484DE /* EventDispatcher.swift */; };
		275BC6771D2B5F56004484DE /* EventHandler.swift in Sources */ = {isa = PBXBuildFile; fileRef = 275BC6541D2B5F56004484DE /* EventHandler.swift */; };
		275BC6781D2B5F56004484DE /* Touch.swift in Sources */ = {isa = PBXBuildFile; fileRef = 275BC6551D2B5F56004484DE /* Touch.swift */; };
		275BC6791D2B5F56004484DE /* TouchEvent.swift in Sources */ = {isa = PBXBuildFile; fileRef = 275BC6561D2B5F56004484DE /* TouchEvent.swift */; };
		275BC67A1D2B5F56004484DE /* DisplayObject.swift in Sources */ = {isa = PBXBuildFile; fileRef = 275BC6581D2B5F56004484DE /* DisplayObject.swift */; };
		275BC67B1D2B5F56004484DE /* DisplayObjectContainer.swift in Sources */ = {isa = PBXBuildFile; fileRef = 275BC6591D2B5F56004484DE /* DisplayObjectContainer.swift */; };
		275BC67C1D2B5F56004484DE /* Graphics.swift in Sources */ = {isa = PBXBuildFile; fileRef = 275BC65A1D2B5F56004484DE /* Graphics.swift */; };
		275BC67D1D2B5F56004484DE /* GraphicsNode.swift in Sources */ = {isa = PBXBuildFile; fileRef = 275BC65B1D2B5F56004484DE /* GraphicsNode.swift */; };
		275BC67E1D2B5F56004484DE /* InteractiveNode.swift in Sources */ = {isa = PBXBuildFile; fileRef = 275BC65C1D2B5F56004484DE /* InteractiveNode.swift */; };
		275BC67F1D2B5F56004484DE /* InteractiveObject.swift in Sources */ = {isa = PBXBuildFile; fileRef = 275BC65D1D2B5F56004484DE /* InteractiveObject.swift */; };
		275BC6801D2B5F56004484DE /* LabelNode.swift in Sources */ = {isa = PBXBuildFile; fileRef = 275BC65E1D2B5F56004484DE /* LabelNode.swift */; };
		275BC6811D2B5F56004484DE /* MovieClip.swift in Sources */ = {isa = PBXBuildFile; fileRef = 275BC65F1D2B5F56004484DE /* MovieClip.swift */; };
		275BC6821D2B5F56004484DE /* SimpleButton.swift in Sources */ = {isa = PBXBuildFile; fileRef = 275BC6601D2B5F56004484DE /* SimpleButton.swift */; };
		275BC6831D2B5F56004484DE /* Sprite.swift in Sources */ = {isa = PBXBuildFile; fileRef = 275BC6611D2B5F56004484DE /* Sprite.swift */; };
		275BC6841D2B5F56004484DE /* SpriteNode.swift in Sources */ = {isa = PBXBuildFile; fileRef = 275BC6621D2B5F56004484DE /* SpriteNode.swift */; };
		275BC6851D2B5F56004484DE /* Stage.swift in Sources */ = {isa = PBXBuildFile; fileRef = 275BC6631D2B5F56004484DE /* Stage.swift */; };
		275BC6861D2B5F56004484DE /* StageScene.swift in Sources */ = {isa = PBXBuildFile; fileRef = 275BC6641D2B5F56004484DE /* StageScene.swift */; };
		275BC6871D2B5F56004484DE /* easing.swift in Sources */ = {isa = PBXBuildFile; fileRef = 275BC6651D2B5F56004484DE /* easing.swift */; };
		275BC6881D2B5F56004484DE /* EasingDeclarations.swift in Sources */ = {isa = PBXBuildFile; fileRef = 275BC6661D2B5F56004484DE /* EasingDeclarations.swift */; };
		275BC6891D2B5F56004484DE /* Global.swift in Sources */ = {isa = PBXBuildFile; fileRef = 275BC6671D2B5F56004484DE /* Global.swift */; };
		275BC68A1D2B5F56004484DE /* Info.plist in Resources */ = {isa = PBXBuildFile; fileRef = 275BC6681D2B5F56004484DE /* Info.plist */; };
		275BC68B1D2B5F56004484DE /* Sound.swift in Sources */ = {isa = PBXBuildFile; fileRef = 275BC66A1D2B5F56004484DE /* Sound.swift */; };
		275BC68C1D2B5F56004484DE /* SoundChannel.swift in Sources */ = {isa = PBXBuildFile; fileRef = 275BC66B1D2B5F56004484DE /* SoundChannel.swift */; };
		275BC68D1D2B5F56004484DE /* Object.swift in Sources */ = {isa = PBXBuildFile; fileRef = 275BC66C1D2B5F56004484DE /* Object.swift */; };
		275BC68E1D2B5F56004484DE /* SKEase.swift in Sources */ = {isa = PBXBuildFile; fileRef = 275BC66D1D2B5F56004484DE /* SKEase.swift */; };
		275BC68F1D2B5F56004484DE /* SKMultilineLabel.swift in Sources */ = {isa = PBXBuildFile; fileRef = 275BC66E1D2B5F56004484DE /* SKMultilineLabel.swift */; };
		275BC6901D2B5F56004484DE /* String.swift in Sources */ = {isa = PBXBuildFile; fileRef = 275BC66F1D2B5F56004484DE /* String.swift */; };
		275BC6911D2B5F56004484DE /* TextField.swift in Sources */ = {isa = PBXBuildFile; fileRef = 275BC6711D2B5F56004484DE /* TextField.swift */; };
		275BC6921D2B5F56004484DE /* TextFormat.swift in Sources */ = {isa = PBXBuildFile; fileRef = 275BC6721D2B5F56004484DE /* TextFormat.swift */; };
		275BC6931D2B5F56004484DE /* UIColor.swift in Sources */ = {isa = PBXBuildFile; fileRef = 275BC6731D2B5F56004484DE /* UIColor.swift */; };
		276AA3581D37EEBB009B5126 /* Accelerate.framework in Frameworks */ = {isa = PBXBuildFile; fileRef = 276AA3571D37EEBB009B5126 /* Accelerate.framework */; };
		276DF6C61D3CC36700D739FE /* DancePlayback.swift in Sources */ = {isa = PBXBuildFile; fileRef = 276DF6C51D3CC36700D739FE /* DancePlayback.swift */; };
		277317171D41C5AA00C01260 /* StoredPosture.swift in Sources */ = {isa = PBXBuildFile; fileRef = 277317161D41C5AA00C01260 /* StoredPosture.swift */; };
		2773171D1D41C62200C01260 /* StoredKeyframe.swift in Sources */ = {isa = PBXBuildFile; fileRef = 277317191D41C62200C01260 /* StoredKeyframe.swift */; };
		2773172D1D41CAD800C01260 /* StoredKeyframe+CoreDataProperties.swift in Sources */ = {isa = PBXBuildFile; fileRef = 2773172A1D41CAD800C01260 /* StoredKeyframe+CoreDataProperties.swift */; };
		2773172E1D41CAD800C01260 /* StoredPosture+CoreDataProperties.swift in Sources */ = {isa = PBXBuildFile; fileRef = 2773172B1D41CAD800C01260 /* StoredPosture+CoreDataProperties.swift */; };
		2773172F1D41CAD800C01260 /* DanceMove+CoreDataProperties.swift in Sources */ = {isa = PBXBuildFile; fileRef = 2773172C1D41CAD800C01260 /* DanceMove+CoreDataProperties.swift */; };
		2774FF2A1D2D063A00C79564 /* Moves.swift in Sources */ = {isa = PBXBuildFile; fileRef = 2774FF291D2D063A00C79564 /* Moves.swift */; };
		2785B1791D3885F600665472 /* EthnicMoves.swift in Sources */ = {isa = PBXBuildFile; fileRef = 2785B1781D3885F600665472 /* EthnicMoves.swift */; };
		2785B17B1D38865B00665472 /* BalletMoves.swift in Sources */ = {isa = PBXBuildFile; fileRef = 2785B17A1D38865B00665472 /* BalletMoves.swift */; };
		2785B17D1D3886AF00665472 /* GenericMoves.swift in Sources */ = {isa = PBXBuildFile; fileRef = 2785B17C1D3886AF00665472 /* GenericMoves.swift */; };
		2785B17F1D38898E00665472 /* JazzMoves.swift in Sources */ = {isa = PBXBuildFile; fileRef = 2785B17E1D38898E00665472 /* JazzMoves.swift */; };
		2793D41F1D461B0C0072F0C5 /* BeatTracker.swift in Sources */ = {isa = PBXBuildFile; fileRef = 2793D41E1D461B0C0072F0C5 /* BeatTracker.swift */; };
		2799254D1D45ABEF006C1735 /* aubio.framework in Frameworks */ = {isa = PBXBuildFile; fileRef = 2799254B1D45ABE1006C1735 /* aubio.framework */; };
		279E62E41D2B92B200747411 /* CharactersController.swift in Sources */ = {isa = PBXBuildFile; fileRef = 279E62E31D2B92B200747411 /* CharactersController.swift */; };
		27ABA2161D340C09007D945F /* KeyframeDetailController.swift in Sources */ = {isa = PBXBuildFile; fileRef = 27ABA2151D340C09007D945F /* KeyframeDetailController.swift */; };
		27ABA2181D3492B3007D945F /* String+WriteToURL.swift in Sources */ = {isa = PBXBuildFile; fileRef = 27ABA2171D3492B3007D945F /* String+WriteToURL.swift */; };
		27AFB3151D235FCD00325894 /* BodyPartNode.swift in Sources */ = {isa = PBXBuildFile; fileRef = 27AFB3141D235FCD00325894 /* BodyPartNode.swift */; };
		27AFB3181D23604A00325894 /* CharacterNode.swift in Sources */ = {isa = PBXBuildFile; fileRef = 27AFB3171D23604A00325894 /* CharacterNode.swift */; };
		27AFB31A1D23629E00325894 /* AnimationController.swift in Sources */ = {isa = PBXBuildFile; fileRef = 27AFB3191D23629E00325894 /* AnimationController.swift */; };
		27AFB31C1D2362CF00325894 /* DanceScene.swift in Sources */ = {isa = PBXBuildFile; fileRef = 27AFB31B1D2362CF00325894 /* DanceScene.swift */; };
		27AFB31E1D2365A200325894 /* Posture.swift in Sources */ = {isa = PBXBuildFile; fileRef = 27AFB31D1D2365A200325894 /* Posture.swift */; };
		27AFB3221D236B8A00325894 /* DanceMove.swift in Sources */ = {isa = PBXBuildFile; fileRef = 27AFB3211D236B8A00325894 /* DanceMove.swift */; };
		27AFB3461D236DEC00325894 /* DanceScene.sks in Resources */ = {isa = PBXBuildFile; fileRef = 27AFB3451D236DEC00325894 /* DanceScene.sks */; };
		27BF737E1D453CAE0044A622 /* HipHopMoves.swift in Sources */ = {isa = PBXBuildFile; fileRef = 27BF737D1D453CAE0044A622 /* HipHopMoves.swift */; };
		27C227491D2B553800B581C5 /* CharacterStorage+CoreDataProperties.swift in Sources */ = {isa = PBXBuildFile; fileRef = 27C227471D2B553800B581C5 /* CharacterStorage+CoreDataProperties.swift */; };
		27C2274A1D2B553800B581C5 /* CharacterStorage.swift in Sources */ = {isa = PBXBuildFile; fileRef = 27C227481D2B553800B581C5 /* CharacterStorage.swift */; };
		27CA0ACA1D2A4F8E00F4332C /* Model.xcdatamodeld in Sources */ = {isa = PBXBuildFile; fileRef = 27CA0AC81D2A4F8E00F4332C /* Model.xcdatamodeld */; };
		27CA0AF21D2A758700F4332C /* BodyPart+CoreDataProperties.swift in Sources */ = {isa = PBXBuildFile; fileRef = 27CA0AEE1D2A758700F4332C /* BodyPart+CoreDataProperties.swift */; };
		27CA0AF31D2A758700F4332C /* BodyPart.swift in Sources */ = {isa = PBXBuildFile; fileRef = 27CA0AEF1D2A758700F4332C /* BodyPart.swift */; };
		27D5F3301D2BE54E00EB314D /* iCarousel.m in Sources */ = {isa = PBXBuildFile; fileRef = 27D5F32F1D2BE54E00EB314D /* iCarousel.m */; };
		27F6AD201D237BBA00BF3116 /* Keyframe.swift in Sources */ = {isa = PBXBuildFile; fileRef = 27AFB31F1D236A5000325894 /* Keyframe.swift */; };
		27F6AD221D23A89500BF3116 /* SkeletonView.swift in Sources */ = {isa = PBXBuildFile; fileRef = 27F6AD211D23A89500BF3116 /* SkeletonView.swift */; };
		27F6AD241D23A8D200BF3116 /* JointView.swift in Sources */ = {isa = PBXBuildFile; fileRef = 27F6AD231D23A8D200BF3116 /* JointView.swift */; };
		ED4B3D9E4CB94BE03C85D365 /* Pods_AniDraw.framework in Frameworks */ = {isa = PBXBuildFile; fileRef = 90D825507B974B64B54D30F0 /* Pods_AniDraw.framework */; };
/* End PBXBuildFile section */

/* Begin PBXFileReference section */
		0B7AD8078A7B30093CF82600 /* Pods-AniDraw.release.xcconfig */ = {isa = PBXFileReference; includeInIndex = 1; lastKnownFileType = text.xcconfig; name = "Pods-AniDraw.release.xcconfig"; path = "Pods/Target Support Files/Pods-AniDraw/Pods-AniDraw.release.xcconfig"; sourceTree = "<group>"; };
		0B9999011D37714300BED178 /* SkeletonModel.swift */ = {isa = PBXFileReference; fileEncoding = 4; lastKnownFileType = sourcecode.swift; path = SkeletonModel.swift; sourceTree = "<group>"; };
		0BF052F21D2C07B800268947 /* DanceModel.swift */ = {isa = PBXFileReference; fileEncoding = 4; lastKnownFileType = sourcecode.swift; path = DanceModel.swift; sourceTree = "<group>"; };
		2701F13F1D2428AA00C597E6 /* UInt32+.swift */ = {isa = PBXFileReference; fileEncoding = 4; lastKnownFileType = sourcecode.swift; path = "UInt32+.swift"; sourceTree = "<group>"; };
		2701F1411D243BF600C597E6 /* CGRect+.swift */ = {isa = PBXFileReference; fileEncoding = 4; lastKnownFileType = sourcecode.swift; path = "CGRect+.swift"; sourceTree = "<group>"; };
		2701F1431D24BDF700C597E6 /* Joints.swift */ = {isa = PBXFileReference; fileEncoding = 4; lastKnownFileType = sourcecode.swift; path = Joints.swift; sourceTree = "<group>"; };
		270641E91D33D9CC007195AB /* KeyframesEditorView.swift */ = {isa = PBXFileReference; fileEncoding = 4; lastKnownFileType = sourcecode.swift; path = KeyframesEditorView.swift; sourceTree = "<group>"; };
		271258621D22B7D000BD9C36 /* UIImage+.swift */ = {isa = PBXFileReference; fileEncoding = 4; lastKnownFileType = sourcecode.swift; path = "UIImage+.swift"; sourceTree = "<group>"; };
		27252A241D255A89002CE361 /* CGImage+.swift */ = {isa = PBXFileReference; fileEncoding = 4; lastKnownFileType = sourcecode.swift; path = "CGImage+.swift"; sourceTree = "<group>"; };
		27252A261D260C7B002CE361 /* EditMoveScene.swift */ = {isa = PBXFileReference; fileEncoding = 4; lastKnownFileType = sourcecode.swift; path = EditMoveScene.swift; sourceTree = "<group>"; };
		273627071D37D5C8007DAECD /* MyAudioReceiver.h */ = {isa = PBXFileReference; fileEncoding = 4; lastKnownFileType = sourcecode.c.h; path = MyAudioReceiver.h; sourceTree = "<group>"; };
		273627081D37D5C8007DAECD /* MyAudioReceiver.m */ = {isa = PBXFileReference; fileEncoding = 4; lastKnownFileType = sourcecode.c.objc; path = MyAudioReceiver.m; sourceTree = "<group>"; };
		275ABBA21D224E4200BC3B8D /* AniDraw.app */ = {isa = PBXFileReference; explicitFileType = wrapper.application; includeInIndex = 0; path = AniDraw.app; sourceTree = BUILT_PRODUCTS_DIR; };
		275ABBA51D224E4200BC3B8D /* AppDelegate.swift */ = {isa = PBXFileReference; lastKnownFileType = sourcecode.swift; path = AppDelegate.swift; sourceTree = "<group>"; };
		275ABBA71D224E4200BC3B8D /* EditMoveController.swift */ = {isa = PBXFileReference; lastKnownFileType = sourcecode.swift; path = EditMoveController.swift; sourceTree = "<group>"; };
		275ABBAA1D224E4200BC3B8D /* Base */ = {isa = PBXFileReference; lastKnownFileType = file.storyboard; name = Base; path = Base.lproj/Main.storyboard; sourceTree = "<group>"; };
		275ABBAC1D224E4200BC3B8D /* Assets.xcassets */ = {isa = PBXFileReference; lastKnownFileType = folder.assetcatalog; path = Assets.xcassets; sourceTree = "<group>"; };
		275ABBAF1D224E4200BC3B8D /* Base */ = {isa = PBXFileReference; lastKnownFileType = file.storyboard; name = Base; path = Base.lproj/LaunchScreen.storyboard; sourceTree = "<group>"; };
		275ABBB11D224E4200BC3B8D /* Info.plist */ = {isa = PBXFileReference; lastKnownFileType = text.plist.xml; path = Info.plist; sourceTree = "<group>"; };
		275ABBB71D22549F00BC3B8D /* DrawController.swift */ = {isa = PBXFileReference; fileEncoding = 4; lastKnownFileType = sourcecode.swift; path = DrawController.swift; sourceTree = "<group>"; };
		275ABBB91D2257BF00BC3B8D /* SkeletonController.swift */ = {isa = PBXFileReference; fileEncoding = 4; lastKnownFileType = sourcecode.swift; path = SkeletonController.swift; sourceTree = "<group>"; };
		275ABBBB1D2261E200BC3B8D /* DrawView.swift */ = {isa = PBXFileReference; fileEncoding = 4; lastKnownFileType = sourcecode.swift; path = DrawView.swift; sourceTree = "<group>"; };
		275ABBBE1D226EF700BC3B8D /* CGFloat+Extensions.swift */ = {isa = PBXFileReference; fileEncoding = 4; lastKnownFileType = sourcecode.swift; path = "CGFloat+Extensions.swift"; sourceTree = "<group>"; };
		275ABBBF1D226EF700BC3B8D /* CGPoint+Extensions.swift */ = {isa = PBXFileReference; fileEncoding = 4; lastKnownFileType = sourcecode.swift; path = "CGPoint+Extensions.swift"; sourceTree = "<group>"; };
		275ABBC01D226EF700BC3B8D /* CGVector+Extensions.swift */ = {isa = PBXFileReference; fileEncoding = 4; lastKnownFileType = sourcecode.swift; path = "CGVector+Extensions.swift"; sourceTree = "<group>"; };
		275ABBC11D226EF700BC3B8D /* Int+Extensions.swift */ = {isa = PBXFileReference; fileEncoding = 4; lastKnownFileType = sourcecode.swift; path = "Int+Extensions.swift"; sourceTree = "<group>"; };
		275ABBC21D226EF700BC3B8D /* SKAction+Extensions.swift */ = {isa = PBXFileReference; fileEncoding = 4; lastKnownFileType = sourcecode.swift; path = "SKAction+Extensions.swift"; sourceTree = "<group>"; };
		275ABBC31D226EF700BC3B8D /* SKAction+SpecialEffects.swift */ = {isa = PBXFileReference; fileEncoding = 4; lastKnownFileType = sourcecode.swift; path = "SKAction+SpecialEffects.swift"; sourceTree = "<group>"; };
		275ABBC41D226EF700BC3B8D /* SKColor+Extensions.swift */ = {isa = PBXFileReference; fileEncoding = 4; lastKnownFileType = sourcecode.swift; path = "SKColor+Extensions.swift"; sourceTree = "<group>"; };
		275ABBC51D226EF700BC3B8D /* SKNode+Extensions.swift */ = {isa = PBXFileReference; fileEncoding = 4; lastKnownFileType = sourcecode.swift; path = "SKNode+Extensions.swift"; sourceTree = "<group>"; };
		275ABBC61D226EF700BC3B8D /* SKTAudio.swift */ = {isa = PBXFileReference; fileEncoding = 4; lastKnownFileType = sourcecode.swift; path = SKTAudio.swift; sourceTree = "<group>"; };
		275ABBC71D226EF700BC3B8D /* SKTEffects.swift */ = {isa = PBXFileReference; fileEncoding = 4; lastKnownFileType = sourcecode.swift; path = SKTEffects.swift; sourceTree = "<group>"; };
		275ABBC81D226EF700BC3B8D /* SKTTimingFunctions.swift */ = {isa = PBXFileReference; fileEncoding = 4; lastKnownFileType = sourcecode.swift; path = SKTTimingFunctions.swift; sourceTree = "<group>"; };
		275ABBC91D226EF700BC3B8D /* Vector3.swift */ = {isa = PBXFileReference; fileEncoding = 4; lastKnownFileType = sourcecode.swift; path = Vector3.swift; sourceTree = "<group>"; };
		275BC64D1D2B5F56004484DE /* ActionSwift3.h */ = {isa = PBXFileReference; fileEncoding = 4; lastKnownFileType = sourcecode.c.h; path = ActionSwift3.h; sourceTree = "<group>"; };
		275BC64E1D2B5F56004484DE /* Array.swift */ = {isa = PBXFileReference; fileEncoding = 4; lastKnownFileType = sourcecode.swift; path = Array.swift; sourceTree = "<group>"; };
		275BC6521D2B5F56004484DE /* Event.swift */ = {isa = PBXFileReference; fileEncoding = 4; lastKnownFileType = sourcecode.swift; path = Event.swift; sourceTree = "<group>"; };
		275BC6531D2B5F56004484DE /* EventDispatcher.swift */ = {isa = PBXFileReference; fileEncoding = 4; lastKnownFileType = sourcecode.swift; path = EventDispatcher.swift; sourceTree = "<group>"; };
		275BC6541D2B5F56004484DE /* EventHandler.swift */ = {isa = PBXFileReference; fileEncoding = 4; lastKnownFileType = sourcecode.swift; path = EventHandler.swift; sourceTree = "<group>"; };
		275BC6551D2B5F56004484DE /* Touch.swift */ = {isa = PBXFileReference; fileEncoding = 4; lastKnownFileType = sourcecode.swift; path = Touch.swift; sourceTree = "<group>"; };
		275BC6561D2B5F56004484DE /* TouchEvent.swift */ = {isa = PBXFileReference; fileEncoding = 4; lastKnownFileType = sourcecode.swift; path = TouchEvent.swift; sourceTree = "<group>"; };
		275BC6581D2B5F56004484DE /* DisplayObject.swift */ = {isa = PBXFileReference; fileEncoding = 4; lastKnownFileType = sourcecode.swift; path = DisplayObject.swift; sourceTree = "<group>"; };
		275BC6591D2B5F56004484DE /* DisplayObjectContainer.swift */ = {isa = PBXFileReference; fileEncoding = 4; lastKnownFileType = sourcecode.swift; path = DisplayObjectContainer.swift; sourceTree = "<group>"; };
		275BC65A1D2B5F56004484DE /* Graphics.swift */ = {isa = PBXFileReference; fileEncoding = 4; lastKnownFileType = sourcecode.swift; path = Graphics.swift; sourceTree = "<group>"; };
		275BC65B1D2B5F56004484DE /* GraphicsNode.swift */ = {isa = PBXFileReference; fileEncoding = 4; lastKnownFileType = sourcecode.swift; path = GraphicsNode.swift; sourceTree = "<group>"; };
		275BC65C1D2B5F56004484DE /* InteractiveNode.swift */ = {isa = PBXFileReference; fileEncoding = 4; lastKnownFileType = sourcecode.swift; path = InteractiveNode.swift; sourceTree = "<group>"; };
		275BC65D1D2B5F56004484DE /* InteractiveObject.swift */ = {isa = PBXFileReference; fileEncoding = 4; lastKnownFileType = sourcecode.swift; path = InteractiveObject.swift; sourceTree = "<group>"; };
		275BC65E1D2B5F56004484DE /* LabelNode.swift */ = {isa = PBXFileReference; fileEncoding = 4; lastKnownFileType = sourcecode.swift; path = LabelNode.swift; sourceTree = "<group>"; };
		275BC65F1D2B5F56004484DE /* MovieClip.swift */ = {isa = PBXFileReference; fileEncoding = 4; lastKnownFileType = sourcecode.swift; path = MovieClip.swift; sourceTree = "<group>"; };
		275BC6601D2B5F56004484DE /* SimpleButton.swift */ = {isa = PBXFileReference; fileEncoding = 4; lastKnownFileType = sourcecode.swift; path = SimpleButton.swift; sourceTree = "<group>"; };
		275BC6611D2B5F56004484DE /* Sprite.swift */ = {isa = PBXFileReference; fileEncoding = 4; lastKnownFileType = sourcecode.swift; path = Sprite.swift; sourceTree = "<group>"; };
		275BC6621D2B5F56004484DE /* SpriteNode.swift */ = {isa = PBXFileReference; fileEncoding = 4; lastKnownFileType = sourcecode.swift; path = SpriteNode.swift; sourceTree = "<group>"; };
		275BC6631D2B5F56004484DE /* Stage.swift */ = {isa = PBXFileReference; fileEncoding = 4; lastKnownFileType = sourcecode.swift; path = Stage.swift; sourceTree = "<group>"; };
		275BC6641D2B5F56004484DE /* StageScene.swift */ = {isa = PBXFileReference; fileEncoding = 4; lastKnownFileType = sourcecode.swift; path = StageScene.swift; sourceTree = "<group>"; };
		275BC6651D2B5F56004484DE /* easing.swift */ = {isa = PBXFileReference; fileEncoding = 4; lastKnownFileType = sourcecode.swift; path = easing.swift; sourceTree = "<group>"; };
		275BC6661D2B5F56004484DE /* EasingDeclarations.swift */ = {isa = PBXFileReference; fileEncoding = 4; lastKnownFileType = sourcecode.swift; path = EasingDeclarations.swift; sourceTree = "<group>"; };
		275BC6671D2B5F56004484DE /* Global.swift */ = {isa = PBXFileReference; fileEncoding = 4; lastKnownFileType = sourcecode.swift; path = Global.swift; sourceTree = "<group>"; };
		275BC6681D2B5F56004484DE /* Info.plist */ = {isa = PBXFileReference; fileEncoding = 4; lastKnownFileType = text.plist.xml; path = Info.plist; sourceTree = "<group>"; };
		275BC66A1D2B5F56004484DE /* Sound.swift */ = {isa = PBXFileReference; fileEncoding = 4; lastKnownFileType = sourcecode.swift; path = Sound.swift; sourceTree = "<group>"; };
		275BC66B1D2B5F56004484DE /* SoundChannel.swift */ = {isa = PBXFileReference; fileEncoding = 4; lastKnownFileType = sourcecode.swift; path = SoundChannel.swift; sourceTree = "<group>"; };
		275BC66C1D2B5F56004484DE /* Object.swift */ = {isa = PBXFileReference; fileEncoding = 4; lastKnownFileType = sourcecode.swift; path = Object.swift; sourceTree = "<group>"; };
		275BC66D1D2B5F56004484DE /* SKEase.swift */ = {isa = PBXFileReference; fileEncoding = 4; lastKnownFileType = sourcecode.swift; path = SKEase.swift; sourceTree = "<group>"; };
		275BC66E1D2B5F56004484DE /* SKMultilineLabel.swift */ = {isa = PBXFileReference; fileEncoding = 4; lastKnownFileType = sourcecode.swift; path = SKMultilineLabel.swift; sourceTree = "<group>"; };
		275BC66F1D2B5F56004484DE /* String.swift */ = {isa = PBXFileReference; fileEncoding = 4; lastKnownFileType = sourcecode.swift; path = String.swift; sourceTree = "<group>"; };
		275BC6711D2B5F56004484DE /* TextField.swift */ = {isa = PBXFileReference; fileEncoding = 4; lastKnownFileType = sourcecode.swift; path = TextField.swift; sourceTree = "<group>"; };
		275BC6721D2B5F56004484DE /* TextFormat.swift */ = {isa = PBXFileReference; fileEncoding = 4; lastKnownFileType = sourcecode.swift; path = TextFormat.swift; sourceTree = "<group>"; };
		275BC6731D2B5F56004484DE /* UIColor.swift */ = {isa = PBXFileReference; fileEncoding = 4; lastKnownFileType = sourcecode.swift; path = UIColor.swift; sourceTree = "<group>"; };
		276AA3571D37EEBB009B5126 /* Accelerate.framework */ = {isa = PBXFileReference; lastKnownFileType = wrapper.framework; name = Accelerate.framework; path = System/Library/Frameworks/Accelerate.framework; sourceTree = SDKROOT; };
		276DF6C51D3CC36700D739FE /* DancePlayback.swift */ = {isa = PBXFileReference; fileEncoding = 4; lastKnownFileType = sourcecode.swift; path = DancePlayback.swift; sourceTree = "<group>"; };
		277317161D41C5AA00C01260 /* StoredPosture.swift */ = {isa = PBXFileReference; fileEncoding = 4; lastKnownFileType = sourcecode.swift; path = StoredPosture.swift; sourceTree = "<group>"; };
		277317191D41C62200C01260 /* StoredKeyframe.swift */ = {isa = PBXFileReference; fileEncoding = 4; lastKnownFileType = sourcecode.swift; path = StoredKeyframe.swift; sourceTree = "<group>"; };
		2773172A1D41CAD800C01260 /* StoredKeyframe+CoreDataProperties.swift */ = {isa = PBXFileReference; fileEncoding = 4; lastKnownFileType = sourcecode.swift; path = "StoredKeyframe+CoreDataProperties.swift"; sourceTree = "<group>"; };
		2773172B1D41CAD800C01260 /* StoredPosture+CoreDataProperties.swift */ = {isa = PBXFileReference; fileEncoding = 4; lastKnownFileType = sourcecode.swift; path = "StoredPosture+CoreDataProperties.swift"; sourceTree = "<group>"; };
		2773172C1D41CAD800C01260 /* DanceMove+CoreDataProperties.swift */ = {isa = PBXFileReference; fileEncoding = 4; lastKnownFileType = sourcecode.swift; path = "DanceMove+CoreDataProperties.swift"; sourceTree = "<group>"; };
		2774FF291D2D063A00C79564 /* Moves.swift */ = {isa = PBXFileReference; fileEncoding = 4; lastKnownFileType = sourcecode.swift; path = Moves.swift; sourceTree = "<group>"; };
		2785B1781D3885F600665472 /* EthnicMoves.swift */ = {isa = PBXFileReference; fileEncoding = 4; lastKnownFileType = sourcecode.swift; path = EthnicMoves.swift; sourceTree = "<group>"; };
		2785B17A1D38865B00665472 /* BalletMoves.swift */ = {isa = PBXFileReference; fileEncoding = 4; lastKnownFileType = sourcecode.swift; path = BalletMoves.swift; sourceTree = "<group>"; };
		2785B17C1D3886AF00665472 /* GenericMoves.swift */ = {isa = PBXFileReference; fileEncoding = 4; lastKnownFileType = sourcecode.swift; path = GenericMoves.swift; sourceTree = "<group>"; };
		2785B17E1D38898E00665472 /* JazzMoves.swift */ = {isa = PBXFileReference; fileEncoding = 4; lastKnownFileType = sourcecode.swift; path = JazzMoves.swift; sourceTree = "<group>"; };
		2793D41E1D461B0C0072F0C5 /* BeatTracker.swift */ = {isa = PBXFileReference; fileEncoding = 4; lastKnownFileType = sourcecode.swift; path = BeatTracker.swift; sourceTree = "<group>"; };
		2799254B1D45ABE1006C1735 /* aubio.framework */ = {isa = PBXFileReference; lastKnownFileType = wrapper.framework; path = aubio.framework; sourceTree = "<group>"; };
		279E62E31D2B92B200747411 /* CharactersController.swift */ = {isa = PBXFileReference; fileEncoding = 4; lastKnownFileType = sourcecode.swift; path = CharactersController.swift; sourceTree = "<group>"; };
		279E62F51D2BE13300747411 /* AniDraw-Bridging-Header.h */ = {isa = PBXFileReference; lastKnownFileType = sourcecode.c.h; path = "AniDraw-Bridging-Header.h"; sourceTree = "<group>"; };
		27ABA2151D340C09007D945F /* KeyframeDetailController.swift */ = {isa = PBXFileReference; fileEncoding = 4; lastKnownFileType = sourcecode.swift; path = KeyframeDetailController.swift; sourceTree = "<group>"; };
		27ABA2171D3492B3007D945F /* String+WriteToURL.swift */ = {isa = PBXFileReference; fileEncoding = 4; lastKnownFileType = sourcecode.swift; path = "String+WriteToURL.swift"; sourceTree = "<group>"; };
		27AFB3141D235FCD00325894 /* BodyPartNode.swift */ = {isa = PBXFileReference; fileEncoding = 4; lastKnownFileType = sourcecode.swift; path = BodyPartNode.swift; sourceTree = "<group>"; };
		27AFB3171D23604A00325894 /* CharacterNode.swift */ = {isa = PBXFileReference; fileEncoding = 4; lastKnownFileType = sourcecode.swift; path = CharacterNode.swift; sourceTree = "<group>"; };
		27AFB3191D23629E00325894 /* AnimationController.swift */ = {isa = PBXFileReference; fileEncoding = 4; lastKnownFileType = sourcecode.swift; path = AnimationController.swift; sourceTree = "<group>"; };
		27AFB31B1D2362CF00325894 /* DanceScene.swift */ = {isa = PBXFileReference; fileEncoding = 4; lastKnownFileType = sourcecode.swift; path = DanceScene.swift; sourceTree = "<group>"; };
		27AFB31D1D2365A200325894 /* Posture.swift */ = {isa = PBXFileReference; fileEncoding = 4; lastKnownFileType = sourcecode.swift; path = Posture.swift; sourceTree = "<group>"; };
		27AFB31F1D236A5000325894 /* Keyframe.swift */ = {isa = PBXFileReference; fileEncoding = 4; lastKnownFileType = sourcecode.swift; path = Keyframe.swift; sourceTree = "<group>"; };
		27AFB3211D236B8A00325894 /* DanceMove.swift */ = {isa = PBXFileReference; fileEncoding = 4; lastKnownFileType = sourcecode.swift; path = DanceMove.swift; sourceTree = "<group>"; };
		27AFB3451D236DEC00325894 /* DanceScene.sks */ = {isa = PBXFileReference; lastKnownFileType = file.sks; path = DanceScene.sks; sourceTree = "<group>"; };
		27BF737D1D453CAE0044A622 /* HipHopMoves.swift */ = {isa = PBXFileReference; fileEncoding = 4; lastKnownFileType = sourcecode.swift; path = HipHopMoves.swift; sourceTree = "<group>"; };
		27C227471D2B553800B581C5 /* CharacterStorage+CoreDataProperties.swift */ = {isa = PBXFileReference; fileEncoding = 4; lastKnownFileType = sourcecode.swift; path = "CharacterStorage+CoreDataProperties.swift"; sourceTree = "<group>"; };
		27C227481D2B553800B581C5 /* CharacterStorage.swift */ = {isa = PBXFileReference; fileEncoding = 4; lastKnownFileType = sourcecode.swift; path = CharacterStorage.swift; sourceTree = "<group>"; };
		27CA0AC91D2A4F8E00F4332C /* Model.xcdatamodel */ = {isa = PBXFileReference; lastKnownFileType = wrapper.xcdatamodel; path = Model.xcdatamodel; sourceTree = "<group>"; };
		27CA0AEE1D2A758700F4332C /* BodyPart+CoreDataProperties.swift */ = {isa = PBXFileReference; fileEncoding = 4; lastKnownFileType = sourcecode.swift; path = "BodyPart+CoreDataProperties.swift"; sourceTree = "<group>"; };
		27CA0AEF1D2A758700F4332C /* BodyPart.swift */ = {isa = PBXFileReference; fileEncoding = 4; lastKnownFileType = sourcecode.swift; path = BodyPart.swift; sourceTree = "<group>"; };
		27D5F32E1D2BE54E00EB314D /* iCarousel.h */ = {isa = PBXFileReference; fileEncoding = 4; lastKnownFileType = sourcecode.c.h; name = iCarousel.h; path = iCarousel/iCarousel.h; sourceTree = "<group>"; };
		27D5F32F1D2BE54E00EB314D /* iCarousel.m */ = {isa = PBXFileReference; fileEncoding = 4; lastKnownFileType = sourcecode.c.objc; name = iCarousel.m; path = iCarousel/iCarousel.m; sourceTree = "<group>"; };
		27F6AD211D23A89500BF3116 /* SkeletonView.swift */ = {isa = PBXFileReference; fileEncoding = 4; lastKnownFileType = sourcecode.swift; path = SkeletonView.swift; sourceTree = "<group>"; };
		27F6AD231D23A8D200BF3116 /* JointView.swift */ = {isa = PBXFileReference; fileEncoding = 4; lastKnownFileType = sourcecode.swift; path = JointView.swift; sourceTree = "<group>"; };
		90D825507B974B64B54D30F0 /* Pods_AniDraw.framework */ = {isa = PBXFileReference; explicitFileType = wrapper.framework; includeInIndex = 0; path = Pods_AniDraw.framework; sourceTree = BUILT_PRODUCTS_DIR; };
		D8D8B268ADA97A433ABF3378 /* Pods-AniDraw.debug.xcconfig */ = {isa = PBXFileReference; includeInIndex = 1; lastKnownFileType = text.xcconfig; name = "Pods-AniDraw.debug.xcconfig"; path = "Pods/Target Support Files/Pods-AniDraw/Pods-AniDraw.debug.xcconfig"; sourceTree = "<group>"; };
/* End PBXFileReference section */

/* Begin PBXFrameworksBuildPhase section */
		275ABB9F1D224E4200BC3B8D /* Frameworks */ = {
			isa = PBXFrameworksBuildPhase;
			buildActionMask = 2147483647;
			files = (
				276AA3581D37EEBB009B5126 /* Accelerate.framework in Frameworks */,
				2799254D1D45ABEF006C1735 /* aubio.framework in Frameworks */,
				ED4B3D9E4CB94BE03C85D365 /* Pods_AniDraw.framework in Frameworks */,
			);
			runOnlyForDeploymentPostprocessing = 0;
		};
/* End PBXFrameworksBuildPhase section */

/* Begin PBXGroup section */
		075DD4FFD542DE3A66F7E11D /* Pods */ = {
			isa = PBXGroup;
			children = (
				D8D8B268ADA97A433ABF3378 /* Pods-AniDraw.debug.xcconfig */,
				0B7AD8078A7B30093CF82600 /* Pods-AniDraw.release.xcconfig */,
			);
			name = Pods;
			sourceTree = "<group>";
		};
		275ABB991D224E4200BC3B8D = {
			isa = PBXGroup;
			children = (
				275ABBA41D224E4200BC3B8D /* AniDraw */,
				275ABBA31D224E4200BC3B8D /* Products */,
				E707276443EA5C9BE3FB16BB /* Frameworks */,
				075DD4FFD542DE3A66F7E11D /* Pods */,
			);
			sourceTree = "<group>";
		};
		275ABBA31D224E4200BC3B8D /* Products */ = {
			isa = PBXGroup;
			children = (
				275ABBA21D224E4200BC3B8D /* AniDraw.app */,
			);
			name = Products;
			sourceTree = "<group>";
		};
		275ABBA41D224E4200BC3B8D /* AniDraw */ = {
			isa = PBXGroup;
			children = (
				27AFB3161D235FDB00325894 /* UI */,
				27CA0AF41D2A758C00F4332C /* CoreData */,
				2701F1431D24BDF700C597E6 /* Joints.swift */,
				27AFB3141D235FCD00325894 /* BodyPartNode.swift */,
				27AFB3171D23604A00325894 /* CharacterNode.swift */,
				0B9999011D37714300BED178 /* SkeletonModel.swift */,
				277317161D41C5AA00C01260 /* StoredPosture.swift */,
				27252A261D260C7B002CE361 /* EditMoveScene.swift */,
				27ABA2171D3492B3007D945F /* String+WriteToURL.swift */,
				27AFB31D1D2365A200325894 /* Posture.swift */,
				27AFB31F1D236A5000325894 /* Keyframe.swift */,
				27AFB3211D236B8A00325894 /* DanceMove.swift */,
				276DF6C51D3CC36700D739FE /* DancePlayback.swift */,
				0BF052F21D2C07B800268947 /* DanceModel.swift */,
				2793D41E1D461B0C0072F0C5 /* BeatTracker.swift */,
				273627071D37D5C8007DAECD /* MyAudioReceiver.h */,
				273627081D37D5C8007DAECD /* MyAudioReceiver.m */,
				27AFB3451D236DEC00325894 /* DanceScene.sks */,
				27AFB31B1D2362CF00325894 /* DanceScene.swift */,
				2785B1771D3885E300665472 /* Moves */,
				27F8C2661D2BECDA001F3B26 /* iCarousel */,
				275BC64C1D2B5F56004484DE /* ActionSwift3 */,
				27CA0AF61D2A760300F4332C /* Supporting Files */,
				27CA0AF51D2A75A900F4332C /* ExtensionUtils */,
				275ABBBD1D226EF700BC3B8D /* SKTUtils */,
				279E62F51D2BE13300747411 /* AniDraw-Bridging-Header.h */,
			);
			path = AniDraw;
			sourceTree = "<group>";
		};
		275ABBBD1D226EF700BC3B8D /* SKTUtils */ = {
			isa = PBXGroup;
			children = (
				275ABBBE1D226EF700BC3B8D /* CGFloat+Extensions.swift */,
				275ABBBF1D226EF700BC3B8D /* CGPoint+Extensions.swift */,
				275ABBC01D226EF700BC3B8D /* CGVector+Extensions.swift */,
				275ABBC11D226EF700BC3B8D /* Int+Extensions.swift */,
				275ABBC21D226EF700BC3B8D /* SKAction+Extensions.swift */,
				275ABBC31D226EF700BC3B8D /* SKAction+SpecialEffects.swift */,
				275ABBC41D226EF700BC3B8D /* SKColor+Extensions.swift */,
				275ABBC51D226EF700BC3B8D /* SKNode+Extensions.swift */,
				275ABBC61D226EF700BC3B8D /* SKTAudio.swift */,
				275ABBC71D226EF700BC3B8D /* SKTEffects.swift */,
				275ABBC81D226EF700BC3B8D /* SKTTimingFunctions.swift */,
				275ABBC91D226EF700BC3B8D /* Vector3.swift */,
			);
			path = SKTUtils;
			sourceTree = "<group>";
		};
		275BC64C1D2B5F56004484DE /* ActionSwift3 */ = {
			isa = PBXGroup;
			children = (
				275BC64D1D2B5F56004484DE /* ActionSwift3.h */,
				275BC64E1D2B5F56004484DE /* Array.swift */,
				275BC64F1D2B5F56004484DE /* com */,
				275BC6571D2B5F56004484DE /* display */,
				275BC6651D2B5F56004484DE /* easing.swift */,
				275BC6661D2B5F56004484DE /* EasingDeclarations.swift */,
				275BC6671D2B5F56004484DE /* Global.swift */,
				275BC6681D2B5F56004484DE /* Info.plist */,
				275BC6691D2B5F56004484DE /* media */,
				275BC66C1D2B5F56004484DE /* Object.swift */,
				275BC66D1D2B5F56004484DE /* SKEase.swift */,
				275BC66E1D2B5F56004484DE /* SKMultilineLabel.swift */,
				275BC66F1D2B5F56004484DE /* String.swift */,
				275BC6701D2B5F56004484DE /* text */,
				275BC6731D2B5F56004484DE /* UIColor.swift */,
			);
			path = ActionSwift3;
			sourceTree = "<group>";
		};
		275BC64F1D2B5F56004484DE /* com */ = {
			isa = PBXGroup;
			children = (
				275BC6501D2B5F56004484DE /* actionswift */,
			);
			path = com;
			sourceTree = "<group>";
		};
		275BC6501D2B5F56004484DE /* actionswift */ = {
			isa = PBXGroup;
			children = (
				275BC6511D2B5F56004484DE /* events */,
			);
			path = actionswift;
			sourceTree = "<group>";
		};
		275BC6511D2B5F56004484DE /* events */ = {
			isa = PBXGroup;
			children = (
				275BC6521D2B5F56004484DE /* Event.swift */,
				275BC6531D2B5F56004484DE /* EventDispatcher.swift */,
				275BC6541D2B5F56004484DE /* EventHandler.swift */,
				275BC6551D2B5F56004484DE /* Touch.swift */,
				275BC6561D2B5F56004484DE /* TouchEvent.swift */,
			);
			path = events;
			sourceTree = "<group>";
		};
		275BC6571D2B5F56004484DE /* display */ = {
			isa = PBXGroup;
			children = (
				275BC6581D2B5F56004484DE /* DisplayObject.swift */,
				275BC6591D2B5F56004484DE /* DisplayObjectContainer.swift */,
				275BC65A1D2B5F56004484DE /* Graphics.swift */,
				275BC65B1D2B5F56004484DE /* GraphicsNode.swift */,
				275BC65C1D2B5F56004484DE /* InteractiveNode.swift */,
				275BC65D1D2B5F56004484DE /* InteractiveObject.swift */,
				275BC65E1D2B5F56004484DE /* LabelNode.swift */,
				275BC65F1D2B5F56004484DE /* MovieClip.swift */,
				275BC6601D2B5F56004484DE /* SimpleButton.swift */,
				275BC6611D2B5F56004484DE /* Sprite.swift */,
				275BC6621D2B5F56004484DE /* SpriteNode.swift */,
				275BC6631D2B5F56004484DE /* Stage.swift */,
				275BC6641D2B5F56004484DE /* StageScene.swift */,
			);
			path = display;
			sourceTree = "<group>";
		};
		275BC6691D2B5F56004484DE /* media */ = {
			isa = PBXGroup;
			children = (
				275BC66A1D2B5F56004484DE /* Sound.swift */,
				275BC66B1D2B5F56004484DE /* SoundChannel.swift */,
			);
			path = media;
			sourceTree = "<group>";
		};
		275BC6701D2B5F56004484DE /* text */ = {
			isa = PBXGroup;
			children = (
				275BC6711D2B5F56004484DE /* TextField.swift */,
				275BC6721D2B5F56004484DE /* TextFormat.swift */,
			);
			path = text;
			sourceTree = "<group>";
		};
		2785B1771D3885E300665472 /* Moves */ = {
			isa = PBXGroup;
			children = (
				2774FF291D2D063A00C79564 /* Moves.swift */,
				2785B17C1D3886AF00665472 /* GenericMoves.swift */,
				2785B1781D3885F600665472 /* EthnicMoves.swift */,
				2785B17A1D38865B00665472 /* BalletMoves.swift */,
				2785B17E1D38898E00665472 /* JazzMoves.swift */,
				27BF737D1D453CAE0044A622 /* HipHopMoves.swift */,
			);
			name = Moves;
			sourceTree = "<group>";
		};
		27AFB3161D235FDB00325894 /* UI */ = {
			isa = PBXGroup;
			children = (
				275ABBA91D224E4200BC3B8D /* Main.storyboard */,
				27AFB3191D23629E00325894 /* AnimationController.swift */,
				279E62E31D2B92B200747411 /* CharactersController.swift */,
				275ABBB71D22549F00BC3B8D /* DrawController.swift */,
				275ABBBB1D2261E200BC3B8D /* DrawView.swift */,
				275ABBA71D224E4200BC3B8D /* EditMoveController.swift */,
				270641E91D33D9CC007195AB /* KeyframesEditorView.swift */,
				27ABA2151D340C09007D945F /* KeyframeDetailController.swift */,
				275ABBB91D2257BF00BC3B8D /* SkeletonController.swift */,
				27F6AD211D23A89500BF3116 /* SkeletonView.swift */,
				27F6AD231D23A8D200BF3116 /* JointView.swift */,
			);
			name = UI;
			sourceTree = "<group>";
		};
		27CA0AF41D2A758C00F4332C /* CoreData */ = {
			isa = PBXGroup;
			children = (
				2773172A1D41CAD800C01260 /* StoredKeyframe+CoreDataProperties.swift */,
				2773172B1D41CAD800C01260 /* StoredPosture+CoreDataProperties.swift */,
				2773172C1D41CAD800C01260 /* DanceMove+CoreDataProperties.swift */,
				277317191D41C62200C01260 /* StoredKeyframe.swift */,
				27C227471D2B553800B581C5 /* CharacterStorage+CoreDataProperties.swift */,
				27C227481D2B553800B581C5 /* CharacterStorage.swift */,
				27CA0AC81D2A4F8E00F4332C /* Model.xcdatamodeld */,
				27CA0AEE1D2A758700F4332C /* BodyPart+CoreDataProperties.swift */,
				27CA0AEF1D2A758700F4332C /* BodyPart.swift */,
			);
			name = CoreData;
			sourceTree = "<group>";
		};
		27CA0AF51D2A75A900F4332C /* ExtensionUtils */ = {
			isa = PBXGroup;
			children = (
				2701F1411D243BF600C597E6 /* CGRect+.swift */,
				2701F13F1D2428AA00C597E6 /* UInt32+.swift */,
				271258621D22B7D000BD9C36 /* UIImage+.swift */,
				27252A241D255A89002CE361 /* CGImage+.swift */,
			);
			name = ExtensionUtils;
			sourceTree = "<group>";
		};
		27CA0AF61D2A760300F4332C /* Supporting Files */ = {
			isa = PBXGroup;
			children = (
				275ABBA51D224E4200BC3B8D /* AppDelegate.swift */,
				275ABBAC1D224E4200BC3B8D /* Assets.xcassets */,
				275ABBAE1D224E4200BC3B8D /* LaunchScreen.storyboard */,
				275ABBB11D224E4200BC3B8D /* Info.plist */,
			);
			name = "Supporting Files";
			sourceTree = "<group>";
		};
		27F8C2661D2BECDA001F3B26 /* iCarousel */ = {
			isa = PBXGroup;
			children = (
				27D5F32E1D2BE54E00EB314D /* iCarousel.h */,
				27D5F32F1D2BE54E00EB314D /* iCarousel.m */,
			);
			name = iCarousel;
			sourceTree = "<group>";
		};
		E707276443EA5C9BE3FB16BB /* Frameworks */ = {
			isa = PBXGroup;
			children = (
				2799254B1D45ABE1006C1735 /* aubio.framework */,
				276AA3571D37EEBB009B5126 /* Accelerate.framework */,
				90D825507B974B64B54D30F0 /* Pods_AniDraw.framework */,
			);
			name = Frameworks;
			sourceTree = "<group>";
		};
/* End PBXGroup section */

/* Begin PBXNativeTarget section */
		275ABBA11D224E4200BC3B8D /* AniDraw */ = {
			isa = PBXNativeTarget;
			buildConfigurationList = 275ABBB41D224E4200BC3B8D /* Build configuration list for PBXNativeTarget "AniDraw" */;
			buildPhases = (
				DB26320F9226759294B00A6E /* 📦 Check Pods Manifest.lock */,
				C1E2EBD967DC4090108101CF /* [CP] Check Pods Manifest.lock */,
				E68496A02640A3E8273DC5FC /* [CP] Check Pods Manifest.lock */,
				275ABB9E1D224E4200BC3B8D /* Sources */,
				275ABB9F1D224E4200BC3B8D /* Frameworks */,
				275ABBA01D224E4200BC3B8D /* Resources */,
				EF092F80D99BECDD61774731 /* [CP] Embed Pods Frameworks */,
				522927A73BCF4A04C8DB39F5 /* [CP] Copy Pods Resources */,
				61086EEB791AD781C0108C56 /* 📦 Embed Pods Frameworks */,
				671275C9B2920D3DD2681A2E /* 📦 Copy Pods Resources */,
			);
			buildRules = (
			);
			dependencies = (
			);
			name = AniDraw;
			productName = AniDraw;
			productReference = 275ABBA21D224E4200BC3B8D /* AniDraw.app */;
			productType = "com.apple.product-type.application";
		};
/* End PBXNativeTarget section */

/* Begin PBXProject section */
		275ABB9A1D224E4200BC3B8D /* Project object */ = {
			isa = PBXProject;
			attributes = {
				LastSwiftUpdateCheck = 0730;
				LastUpgradeCheck = 0730;
				ORGANIZATIONNAME = yanjingzz;
				TargetAttributes = {
					275ABBA11D224E4200BC3B8D = {
						CreatedOnToolsVersion = 7.3;
						DevelopmentTeam = KU9ZGHL9NX;
					};
				};
			};
			buildConfigurationList = 275ABB9D1D224E4200BC3B8D /* Build configuration list for PBXProject "AniDraw" */;
			compatibilityVersion = "Xcode 3.2";
			developmentRegion = English;
			hasScannedForEncodings = 0;
			knownRegions = (
				en,
				Base,
			);
			mainGroup = 275ABB991D224E4200BC3B8D;
			productRefGroup = 275ABBA31D224E4200BC3B8D /* Products */;
			projectDirPath = "";
			projectRoot = "";
			targets = (
				275ABBA11D224E4200BC3B8D /* AniDraw */,
			);
		};
/* End PBXProject section */

/* Begin PBXResourcesBuildPhase section */
		275ABBA01D224E4200BC3B8D /* Resources */ = {
			isa = PBXResourcesBuildPhase;
			buildActionMask = 2147483647;
			files = (
				275ABBB01D224E4200BC3B8D /* LaunchScreen.storyboard in Resources */,
				275ABBAD1D224E4200BC3B8D /* Assets.xcassets in Resources */,
				27AFB3461D236DEC00325894 /* DanceScene.sks in Resources */,
				275BC68A1D2B5F56004484DE /* Info.plist in Resources */,
				275ABBAB1D224E4200BC3B8D /* Main.storyboard in Resources */,
			);
			runOnlyForDeploymentPostprocessing = 0;
		};
/* End PBXResourcesBuildPhase section */

/* Begin PBXShellScriptBuildPhase section */
		522927A73BCF4A04C8DB39F5 /* [CP] Copy Pods Resources */ = {
			isa = PBXShellScriptBuildPhase;
			buildActionMask = 2147483647;
			files = (
			);
			inputPaths = (
			);
			name = "[CP] Copy Pods Resources";
			outputPaths = (
			);
			runOnlyForDeploymentPostprocessing = 0;
			shellPath = /bin/sh;
			shellScript = "\"${SRCROOT}/Pods/Target Support Files/Pods-AniDraw/Pods-AniDraw-resources.sh\"\n";
			showEnvVarsInLog = 0;
		};
		61086EEB791AD781C0108C56 /* 📦 Embed Pods Frameworks */ = {
			isa = PBXShellScriptBuildPhase;
			buildActionMask = 2147483647;
			files = (
			);
			inputPaths = (
			);
			name = "📦 Embed Pods Frameworks";
			outputPaths = (
			);
			runOnlyForDeploymentPostprocessing = 0;
			shellPath = /bin/sh;
			shellScript = "\"${SRCROOT}/Pods/Target Support Files/Pods-AniDraw/Pods-AniDraw-frameworks.sh\"\n";
			showEnvVarsInLog = 0;
		};
		671275C9B2920D3DD2681A2E /* 📦 Copy Pods Resources */ = {
			isa = PBXShellScriptBuildPhase;
			buildActionMask = 2147483647;
			files = (
			);
			inputPaths = (
			);
			name = "📦 Copy Pods Resources";
			outputPaths = (
			);
			runOnlyForDeploymentPostprocessing = 0;
			shellPath = /bin/sh;
			shellScript = "\"${SRCROOT}/Pods/Target Support Files/Pods-AniDraw/Pods-AniDraw-resources.sh\"\n";
			showEnvVarsInLog = 0;
		};
		C1E2EBD967DC4090108101CF /* [CP] Check Pods Manifest.lock */ = {
			isa = PBXShellScriptBuildPhase;
			buildActionMask = 2147483647;
			files = (
			);
			inputPaths = (
			);
			name = "[CP] Check Pods Manifest.lock";
			outputPaths = (
			);
			runOnlyForDeploymentPostprocessing = 0;
			shellPath = /bin/sh;
			shellScript = "diff \"${PODS_ROOT}/../Podfile.lock\" \"${PODS_ROOT}/Manifest.lock\" > /dev/null\nif [[ $? != 0 ]] ; then\n    cat << EOM\nerror: The sandbox is not in sync with the Podfile.lock. Run 'pod install' or update your CocoaPods installation.\nEOM\n    exit 1\nfi\n";
			showEnvVarsInLog = 0;
		};
		DB26320F9226759294B00A6E /* 📦 Check Pods Manifest.lock */ = {
			isa = PBXShellScriptBuildPhase;
			buildActionMask = 2147483647;
			files = (
			);
			inputPaths = (
			);
			name = "📦 Check Pods Manifest.lock";
			outputPaths = (
			);
			runOnlyForDeploymentPostprocessing = 0;
			shellPath = /bin/sh;
			shellScript = "diff \"${PODS_ROOT}/../Podfile.lock\" \"${PODS_ROOT}/Manifest.lock\" > /dev/null\nif [[ $? != 0 ]] ; then\n    cat << EOM\nerror: The sandbox is not in sync with the Podfile.lock. Run 'pod install' or update your CocoaPods installation.\nEOM\n    exit 1\nfi\n";
			showEnvVarsInLog = 0;
		};
		E68496A02640A3E8273DC5FC /* [CP] Check Pods Manifest.lock */ = {
			isa = PBXShellScriptBuildPhase;
			buildActionMask = 2147483647;
			files = (
			);
			inputPaths = (
			);
			name = "[CP] Check Pods Manifest.lock";
			outputPaths = (
			);
			runOnlyForDeploymentPostprocessing = 0;
			shellPath = /bin/sh;
			shellScript = "diff \"${PODS_ROOT}/../Podfile.lock\" \"${PODS_ROOT}/Manifest.lock\" > /dev/null\nif [[ $? != 0 ]] ; then\n    cat << EOM\nerror: The sandbox is not in sync with the Podfile.lock. Run 'pod install' or update your CocoaPods installation.\nEOM\n    exit 1\nfi\n";
			showEnvVarsInLog = 0;
		};
		EF092F80D99BECDD61774731 /* [CP] Embed Pods Frameworks */ = {
			isa = PBXShellScriptBuildPhase;
			buildActionMask = 2147483647;
			files = (
			);
			inputPaths = (
			);
			name = "[CP] Embed Pods Frameworks";
			outputPaths = (
			);
			runOnlyForDeploymentPostprocessing = 0;
			shellPath = /bin/sh;
			shellScript = "\"${SRCROOT}/Pods/Target Support Files/Pods-AniDraw/Pods-AniDraw-frameworks.sh\"\n";
			showEnvVarsInLog = 0;
		};
/* End PBXShellScriptBuildPhase section */

/* Begin PBXSourcesBuildPhase section */
		275ABB9E1D224E4200BC3B8D /* Sources */ = {
			isa = PBXSourcesBuildPhase;
			buildActionMask = 2147483647;
			files = (
				275ABBCB1D226EF700BC3B8D /* CGPoint+Extensions.swift in Sources */,
				27ABA2181D3492B3007D945F /* String+WriteToURL.swift in Sources */,
				279E62E41D2B92B200747411 /* CharactersController.swift in Sources */,
				27C2274A1D2B553800B581C5 /* CharacterStorage.swift in Sources */,
				2773171D1D41C62200C01260 /* StoredKeyframe.swift in Sources */,
				27AFB31C1D2362CF00325894 /* DanceScene.swift in Sources */,
				275BC68E1D2B5F56004484DE /* SKEase.swift in Sources */,
				27AFB31E1D2365A200325894 /* Posture.swift in Sources */,
				275ABBD31D226EF700BC3B8D /* SKTEffects.swift in Sources */,
				275BC6861D2B5F56004484DE /* StageScene.swift in Sources */,
				275ABBCE1D226EF700BC3B8D /* SKAction+Extensions.swift in Sources */,
				27252A251D255A89002CE361 /* CGImage+.swift in Sources */,
				27F6AD221D23A89500BF3116 /* SkeletonView.swift in Sources */,
				275ABBB81D22549F00BC3B8D /* DrawController.swift in Sources */,
				27BF737E1D453CAE0044A622 /* HipHopMoves.swift in Sources */,
				275BC6741D2B5F56004484DE /* Array.swift in Sources */,
				275ABBD11D226EF700BC3B8D /* SKNode+Extensions.swift in Sources */,
				275BC67A1D2B5F56004484DE /* DisplayObject.swift in Sources */,
				27AFB3181D23604A00325894 /* CharacterNode.swift in Sources */,
				27CA0ACA1D2A4F8E00F4332C /* Model.xcdatamodeld in Sources */,
				27CA0AF21D2A758700F4332C /* BodyPart+CoreDataProperties.swift in Sources */,
				275ABBBC1D2261E200BC3B8D /* DrawView.swift in Sources */,
				2785B17D1D3886AF00665472 /* GenericMoves.swift in Sources */,
				275BC6811D2B5F56004484DE /* MovieClip.swift in Sources */,
				275BC6871D2B5F56004484DE /* easing.swift in Sources */,
				27AFB3221D236B8A00325894 /* DanceMove.swift in Sources */,
				275ABBD41D226EF700BC3B8D /* SKTTimingFunctions.swift in Sources */,
				277317171D41C5AA00C01260 /* StoredPosture.swift in Sources */,
				275BC6761D2B5F56004484DE /* EventDispatcher.swift in Sources */,
				2785B17B1D38865B00665472 /* BalletMoves.swift in Sources */,
				275BC68D1D2B5F56004484DE /* Object.swift in Sources */,
				275BC6791D2B5F56004484DE /* TouchEvent.swift in Sources */,
				275ABBCF1D226EF700BC3B8D /* SKAction+SpecialEffects.swift in Sources */,
				275BC6831D2B5F56004484DE /* Sprite.swift in Sources */,
				275BC6901D2B5F56004484DE /* String.swift in Sources */,
				275ABBCD1D226EF700BC3B8D /* Int+Extensions.swift in Sources */,
				27F6AD241D23A8D200BF3116 /* JointView.swift in Sources */,
				275BC68C1D2B5F56004484DE /* SoundChannel.swift in Sources */,
				2774FF2A1D2D063A00C79564 /* Moves.swift in Sources */,
				275BC6781D2B5F56004484DE /* Touch.swift in Sources */,
				275ABBD51D226EF700BC3B8D /* Vector3.swift in Sources */,
				0B9999021D37714300BED178 /* SkeletonModel.swift in Sources */,
				275ABBA81D224E4200BC3B8D /* EditMoveController.swift in Sources */,
				270641EA1D33D9CC007195AB /* KeyframesEditorView.swift in Sources */,
				275BC6821D2B5F56004484DE /* SimpleButton.swift in Sources */,
				275BC68F1D2B5F56004484DE /* SKMultilineLabel.swift in Sources */,
				2773172E1D41CAD800C01260 /* StoredPosture+CoreDataProperties.swift in Sources */,
				275BC6891D2B5F56004484DE /* Global.swift in Sources */,
				2773172F1D41CAD800C01260 /* DanceMove+CoreDataProperties.swift in Sources */,
				275BC6851D2B5F56004484DE /* Stage.swift in Sources */,
				27CA0AF31D2A758700F4332C /* BodyPart.swift in Sources */,
				0BF052F31D2C07B800268947 /* DanceModel.swift in Sources */,
				2773172D1D41CAD800C01260 /* StoredKeyframe+CoreDataProperties.swift in Sources */,
				2785B1791D3885F600665472 /* EthnicMoves.swift in Sources */,
				275ABBD01D226EF700BC3B8D /* SKColor+Extensions.swift in Sources */,
				27F6AD201D237BBA00BF3116 /* Keyframe.swift in Sources */,
				275BC6751D2B5F56004484DE /* Event.swift in Sources */,
				27AFB3151D235FCD00325894 /* BodyPartNode.swift in Sources */,
				275BC6841D2B5F56004484DE /* SpriteNode.swift in Sources */,
				275BC67B1D2B5F56004484DE /* DisplayObjectContainer.swift in Sources */,
				275BC6911D2B5F56004484DE /* TextField.swift in Sources */,
				2701F1401D2428AA00C597E6 /* UInt32+.swift in Sources */,
				275ABBCC1D226EF700BC3B8D /* CGVector+Extensions.swift in Sources */,
				2793D41F1D461B0C0072F0C5 /* BeatTracker.swift in Sources */,
				273627091D37D5C8007DAECD /* MyAudioReceiver.m in Sources */,
				276DF6C61D3CC36700D739FE /* DancePlayback.swift in Sources */,
				2701F1441D24BDF700C597E6 /* Joints.swift in Sources */,
				275ABBA61D224E4200BC3B8D /* AppDelegate.swift in Sources */,
				275BC67E1D2B5F56004484DE /* InteractiveNode.swift in Sources */,
				27C227491D2B553800B581C5 /* CharacterStorage+CoreDataProperties.swift in Sources */,
				275ABBD21D226EF700BC3B8D /* SKTAudio.swift in Sources */,
				2785B17F1D38898E00665472 /* JazzMoves.swift in Sources */,
				275BC67C1D2B5F56004484DE /* Graphics.swift in Sources */,
				275BC6801D2B5F56004484DE /* LabelNode.swift in Sources */,
				271258631D22B7D000BD9C36 /* UIImage+.swift in Sources */,
				2701F1421D243BF600C597E6 /* CGRect+.swift in Sources */,
				275BC6931D2B5F56004484DE /* UIColor.swift in Sources */,
				275BC6771D2B5F56004484DE /* EventHandler.swift in Sources */,
				275BC6921D2B5F56004484DE /* TextFormat.swift in Sources */,
				27D5F3301D2BE54E00EB314D /* iCarousel.m in Sources */,
				27AFB31A1D23629E00325894 /* AnimationController.swift in Sources */,
				275ABBCA1D226EF700BC3B8D /* CGFloat+Extensions.swift in Sources */,
				275BC67D1D2B5F56004484DE /* GraphicsNode.swift in Sources */,
				275BC68B1D2B5F56004484DE /* Sound.swift in Sources */,
				275BC67F1D2B5F56004484DE /* InteractiveObject.swift in Sources */,
				275BC6881D2B5F56004484DE /* EasingDeclarations.swift in Sources */,
				27ABA2161D340C09007D945F /* KeyframeDetailController.swift in Sources */,
				27252A271D260C7B002CE361 /* EditMoveScene.swift in Sources */,
				275ABBBA1D2257BF00BC3B8D /* SkeletonController.swift in Sources */,
			);
			runOnlyForDeploymentPostprocessing = 0;
		};
/* End PBXSourcesBuildPhase section */

/* Begin PBXVariantGroup section */
		275ABBA91D224E4200BC3B8D /* Main.storyboard */ = {
			isa = PBXVariantGroup;
			children = (
				275ABBAA1D224E4200BC3B8D /* Base */,
			);
			name = Main.storyboard;
			sourceTree = "<group>";
		};
		275ABBAE1D224E4200BC3B8D /* LaunchScreen.storyboard */ = {
			isa = PBXVariantGroup;
			children = (
				275ABBAF1D224E4200BC3B8D /* Base */,
			);
			name = LaunchScreen.storyboard;
			sourceTree = "<group>";
		};
/* End PBXVariantGroup section */

/* Begin XCBuildConfiguration section */
		275ABBB21D224E4200BC3B8D /* Debug */ = {
			isa = XCBuildConfiguration;
			buildSettings = {
				ALWAYS_SEARCH_USER_PATHS = NO;
				CLANG_ANALYZER_NONNULL = YES;
				CLANG_CXX_LANGUAGE_STANDARD = "gnu++0x";
				CLANG_CXX_LIBRARY = "libc++";
				CLANG_ENABLE_MODULES = YES;
				CLANG_ENABLE_OBJC_ARC = YES;
				CLANG_WARN_BOOL_CONVERSION = YES;
				CLANG_WARN_CONSTANT_CONVERSION = YES;
				CLANG_WARN_DIRECT_OBJC_ISA_USAGE = YES_ERROR;
				CLANG_WARN_EMPTY_BODY = YES;
				CLANG_WARN_ENUM_CONVERSION = YES;
				CLANG_WARN_INT_CONVERSION = YES;
				CLANG_WARN_OBJC_ROOT_CLASS = YES_ERROR;
				CLANG_WARN_UNREACHABLE_CODE = YES;
				CLANG_WARN__DUPLICATE_METHOD_MATCH = YES;
				"CODE_SIGN_IDENTITY[sdk=iphoneos*]" = "iPhone Developer";
				COPY_PHASE_STRIP = NO;
				DEBUG_INFORMATION_FORMAT = dwarf;
				ENABLE_STRICT_OBJC_MSGSEND = YES;
				ENABLE_TESTABILITY = YES;
				GCC_C_LANGUAGE_STANDARD = gnu99;
				GCC_DYNAMIC_NO_PIC = NO;
				GCC_NO_COMMON_BLOCKS = YES;
				GCC_OPTIMIZATION_LEVEL = 0;
				GCC_PREPROCESSOR_DEFINITIONS = (
					"DEBUG=1",
					"$(inherited)",
				);
				GCC_WARN_64_TO_32_BIT_CONVERSION = YES;
				GCC_WARN_ABOUT_RETURN_TYPE = YES_ERROR;
				GCC_WARN_UNDECLARED_SELECTOR = YES;
				GCC_WARN_UNINITIALIZED_AUTOS = YES_AGGRESSIVE;
				GCC_WARN_UNUSED_FUNCTION = YES;
				GCC_WARN_UNUSED_VARIABLE = YES;
				IPHONEOS_DEPLOYMENT_TARGET = 9.0;
				MTL_ENABLE_DEBUG_INFO = YES;
				ONLY_ACTIVE_ARCH = YES;
				SDKROOT = iphoneos;
				SWIFT_OPTIMIZATION_LEVEL = "-Onone";
				TARGETED_DEVICE_FAMILY = "1,2";
			};
			name = Debug;
		};
		275ABBB31D224E4200BC3B8D /* Release */ = {
			isa = XCBuildConfiguration;
			buildSettings = {
				ALWAYS_SEARCH_USER_PATHS = NO;
				CLANG_ANALYZER_NONNULL = YES;
				CLANG_CXX_LANGUAGE_STANDARD = "gnu++0x";
				CLANG_CXX_LIBRARY = "libc++";
				CLANG_ENABLE_MODULES = YES;
				CLANG_ENABLE_OBJC_ARC = YES;
				CLANG_WARN_BOOL_CONVERSION = YES;
				CLANG_WARN_CONSTANT_CONVERSION = YES;
				CLANG_WARN_DIRECT_OBJC_ISA_USAGE = YES_ERROR;
				CLANG_WARN_EMPTY_BODY = YES;
				CLANG_WARN_ENUM_CONVERSION = YES;
				CLANG_WARN_INT_CONVERSION = YES;
				CLANG_WARN_OBJC_ROOT_CLASS = YES_ERROR;
				CLANG_WARN_UNREACHABLE_CODE = YES;
				CLANG_WARN__DUPLICATE_METHOD_MATCH = YES;
				"CODE_SIGN_IDENTITY[sdk=iphoneos*]" = "iPhone Developer";
				COPY_PHASE_STRIP = NO;
				DEBUG_INFORMATION_FORMAT = "dwarf-with-dsym";
				ENABLE_NS_ASSERTIONS = NO;
				ENABLE_STRICT_OBJC_MSGSEND = YES;
				GCC_C_LANGUAGE_STANDARD = gnu99;
				GCC_NO_COMMON_BLOCKS = YES;
				GCC_WARN_64_TO_32_BIT_CONVERSION = YES;
				GCC_WARN_ABOUT_RETURN_TYPE = YES_ERROR;
				GCC_WARN_UNDECLARED_SELECTOR = YES;
				GCC_WARN_UNINITIALIZED_AUTOS = YES_AGGRESSIVE;
				GCC_WARN_UNUSED_FUNCTION = YES;
				GCC_WARN_UNUSED_VARIABLE = YES;
				IPHONEOS_DEPLOYMENT_TARGET = 9.0;
				MTL_ENABLE_DEBUG_INFO = NO;
				SDKROOT = iphoneos;
				TARGETED_DEVICE_FAMILY = "1,2";
				VALIDATE_PRODUCT = YES;
			};
			name = Release;
		};
		275ABBB51D224E4200BC3B8D /* Debug */ = {
			isa = XCBuildConfiguration;
			baseConfigurationReference = D8D8B268ADA97A433ABF3378 /* Pods-AniDraw.debug.xcconfig */;
			buildSettings = {
				ASSETCATALOG_COMPILER_APPICON_NAME = AppIcon;
				CLANG_ENABLE_MODULES = YES;
				CODE_SIGN_IDENTITY = "iPhone Developer";
				"CODE_SIGN_IDENTITY[sdk=iphoneos*]" = "iPhone Developer";
				ENABLE_BITCODE = NO;
				FRAMEWORK_SEARCH_PATHS = (
					"$(inherited)/**",
					"$(PROJECT_DIR)/**",
					"$(PROJECT_DIR)",
				);
				HEADER_SEARCH_PATHS = "$(inherited)";
				INFOPLIST_FILE = AniDraw/Info.plist;
				IPHONEOS_DEPLOYMENT_TARGET = 9.0;
				LD_RUNPATH_SEARCH_PATHS = "$(inherited) @executable_path/Frameworks";
				PRODUCT_BUNDLE_IDENTIFIER = younn.AniDraw;
				PRODUCT_NAME = "$(TARGET_NAME)";
				PROVISIONING_PROFILE = "";
				SWIFT_OBJC_BRIDGING_HEADER = "AniDraw/AniDraw-Bridging-Header.h";
				SWIFT_OPTIMIZATION_LEVEL = "-Onone";
				TARGETED_DEVICE_FAMILY = 2;
			};
			name = Debug;
		};
		275ABBB61D224E4200BC3B8D /* Release */ = {
			isa = XCBuildConfiguration;
			baseConfigurationReference = 0B7AD8078A7B30093CF82600 /* Pods-AniDraw.release.xcconfig */;
			buildSettings = {
				ASSETCATALOG_COMPILER_APPICON_NAME = AppIcon;
				CLANG_ENABLE_MODULES = YES;
				CODE_SIGN_IDENTITY = "iPhone Developer";
				"CODE_SIGN_IDENTITY[sdk=iphoneos*]" = "iPhone Developer";
				ENABLE_BITCODE = NO;
				FRAMEWORK_SEARCH_PATHS = (
					"$(inherited)/**",
					"$(PROJECT_DIR)/**",
					"$(PROJECT_DIR)",
				);
				HEADER_SEARCH_PATHS = "$(inherited)";
				INFOPLIST_FILE = AniDraw/Info.plist;
				IPHONEOS_DEPLOYMENT_TARGET = 9.0;
				LD_RUNPATH_SEARCH_PATHS = "$(inherited) @executable_path/Frameworks";
				PRODUCT_BUNDLE_IDENTIFIER = younn.AniDraw;
				PRODUCT_NAME = "$(TARGET_NAME)";
				PROVISIONING_PROFILE = "";
				SWIFT_OBJC_BRIDGING_HEADER = "AniDraw/AniDraw-Bridging-Header.h";
				TARGETED_DEVICE_FAMILY = 2;
			};
			name = Release;
		};
/* End XCBuildConfiguration section */

/* Begin XCConfigurationList section */
		275ABB9D1D224E4200BC3B8D /* Build configuration list for PBXProject "AniDraw" */ = {
			isa = XCConfigurationList;
			buildConfigurations = (
				275ABBB21D224E4200BC3B8D /* Debug */,
				275ABBB31D224E4200BC3B8D /* Release */,
			);
			defaultConfigurationIsVisible = 0;
			defaultConfigurationName = Release;
		};
		275ABBB41D224E4200BC3B8D /* Build configuration list for PBXNativeTarget "AniDraw" */ = {
			isa = XCConfigurationList;
			buildConfigurations = (
				275ABBB51D224E4200BC3B8D /* Debug */,
				275ABBB61D224E4200BC3B8D /* Release */,
			);
			defaultConfigurationIsVisible = 0;
			defaultConfigurationName = Release;
		};
/* End XCConfigurationList section */

/* Begin XCVersionGroup section */
		27CA0AC81D2A4F8E00F4332C /* Model.xcdatamodeld */ = {
			isa = XCVersionGroup;
			children = (
				27CA0AC91D2A4F8E00F4332C /* Model.xcdatamodel */,
			);
			currentVersion = 27CA0AC91D2A4F8E00F4332C /* Model.xcdatamodel */;
			path = Model.xcdatamodeld;
			sourceTree = "<group>";
			versionGroupType = wrapper.xcdatamodel;
		};
/* End XCVersionGroup section */
	};
	rootObject = 275ABB9A1D224E4200BC3B8D /* Project object */;
}
